# THIS IS AN AUTOGENERATED FILE. DO NOT EDIT THIS FILE DIRECTLY.
# yarn lockfile v1


rfs@^8.0.4:
  version "8.0.4"
  resolved "https://registry.yarnpkg.com/rfs/-/rfs-8.0.4.tgz#967ff515c02e122cbc04a7328911722414a98846"
  integrity sha512-cYJoIQLO2CZDGzncuJWdFu2vpC7iXQMRl6IUE7H5UzP5yNiNuxwR+Nkj77oiRKInyN1zdZ4mG81h4LN58w7PAg==
